
Microsoft Visual Studio Solution File, Format Version 12.00
# Visual Studio 15
VisualStudioVersion = 15.0.27428.2037
MinimumVisualStudioVersion = 10.0.40219.1
Project("{FAE04EC0-301F-11D3-BF4B-00C04F79EFBC}") = "QuartzClaimsQuerier", "QuartzClaimsQuerier.csproj", "{A9C892A2-78DC-4724-B077-1262A6638AE4}"
EndProject
Project("{FAE04EC0-301F-11D3-BF4B-00C04F79EFBC}") = "QuartzClaimsWebApp", "..\QuartzClaimsWebApp\QuartzClaimsWebApp.csproj", "{FA868646-EA70-4BDC-912A-604344B01D76}"
EndProject
Global
	GlobalSection(SolutionConfigurationPlatforms) = preSolution
		Debug|Any CPU = Debug|Any CPU
		Release|Any CPU = Release|Any CPU
	EndGlobalSection
	GlobalSection(ProjectConfigurationPlatforms) = postSolution
		{A9C892A2-78DC-4724-B077-1262A6638AE4}.Debug|Any CPU.ActiveCfg = Debug|Any CPU
		{A9C892A2-78DC-4724-B077-1262A6638AE4}.Debug|Any CPU.Build.0 = Debug|Any CPU
		{A9C892A2-78DC-4724-B077-1262A6638AE4}.Release|Any CPU.ActiveCfg = Release|Any CPU
		{A9C892A2-78DC-4724-B077-1262A6638AE4}.Release|Any CPU.Build.0 = Release|Any CPU
		{FA868646-EA70-4BDC-912A-604344B01D76}.Debug|Any CPU.ActiveCfg = Debug|Any CPU
		{FA868646-EA70-4BDC-912A-604344B01D76}.Debug|Any CPU.Build.0 = Debug|Any CPU
		{FA868646-EA70-4BDC-912A-604344B01D76}.Release|Any CPU.ActiveCfg = Release|Any CPU
		{FA868646-EA70-4BDC-912A-604344B01D76}.Release|Any CPU.Build.0 = Release|Any CPU
	EndGlobalSection
	GlobalSection(SolutionProperties) = preSolution
		HideSolutionNode = FALSE
	EndGlobalSection
	GlobalSection(ExtensibilityGlobals) = postSolution
		SolutionGuid = {67C58CE3-C406-49F6-8B64-66FAD873E7D2}
	EndGlobalSection
EndGlobal
